
Microsoft Visual Studio Solution File, Format Version 12.00
# Visual Studio Version 17
VisualStudioVersion = 17.0.32112.339
MinimumVisualStudioVersion = 10.0.40219.1
Project("{8BC9CEB8-8B4A-11D0-8D11-00A0C91BC942}") = "CSCI 112 Project", "CSCI 112 Project\CSCI 112 Project.vcxproj", "{716986E0-ADDF-4A48-9EFC-915CCF9D4DB1}"
EndProject
Global
	GlobalSection(SolutionConfigurationPlatforms) = preSolution
		Debug|x64 = Debug|x64
		Debug|x86 = Debug|x86
		Release|x64 = Release|x64
		Release|x86 = Release|x86
	EndGlobalSection
	GlobalSection(ProjectConfigurationPlatforms) = postSolution
		{716986E0-ADDF-4A48-9EFC-915CCF9D4DB1}.Debug|x64.ActiveCfg = Debug|x64
		{716986E0-ADDF-4A48-9EFC-915CCF9D4DB1}.Debug|x64.Build.0 = Debug|x64
		{716986E0-ADDF-4A48-9EFC-915CCF9D4DB1}.Debug|x86.ActiveCfg = Debug|Win32
		{716986E0-ADDF-4A48-9EFC-915CCF9D4DB1}.Debug|x86.Build.0 = Debug|Win32
		{716986E0-ADDF-4A48-9EFC-915CCF9D4DB1}.Release|x64.ActiveCfg = Release|x64
		{716986E0-ADDF-4A48-9EFC-915CCF9D4DB1}.Release|x64.Build.0 = Release|x64
		{716986E0-ADDF-4A48-9EFC-915CCF9D4DB1}.Release|x86.ActiveCfg = Release|Win32
		{716986E0-ADDF-4A48-9EFC-915CCF9D4DB1}.Release|x86.Build.0 = Release|Win32
	EndGlobalSection
	GlobalSection(SolutionProperties) = preSolution
		HideSolutionNode = FALSE
	EndGlobalSection
	GlobalSection(ExtensibilityGlobals) = postSolution
		SolutionGuid = {E1B2CDB7-EF97-4232-B619-D60E2BACA081}
	EndGlobalSection
EndGlobal
